
Microsoft Visual Studio Solution File, Format Version 12.00
# Visual Studio Version 16
VisualStudioVersion = 16.0.30717.126
MinimumVisualStudioVersion = 10.0.40219.1
Project("{9A19103F-16F7-4668-BE54-9A1E7A4F7556}") = "MS_GPSCore", "MS_GPSCore\MS_GPSCore.csproj", "{8B6ABEED-504D-45A7-B48E-12D6BD7ECAFB}"
EndProject
Project("{FAE04EC0-301F-11D3-BF4B-00C04F79EFBC}") = "MS_Events", "MS_Events\MS_Events.csproj", "{C64F4168-A73A-4FB7-AE0C-8414231C1730}"
EndProject
Project("{FAE04EC0-301F-11D3-BF4B-00C04F79EFBC}") = "MS_Redis", "MS_Redis\MS_Redis.csproj", "{C082C68F-CF4F-4DFF-9047-33F1FD60F39D}"
EndProject
Project("{FAE04EC0-301F-11D3-BF4B-00C04F79EFBC}") = "MS_Car", "MS_Car\MS_Car.csproj", "{4AB4FDA9-245C-4F00-82C6-5F0260E3989A}"
EndProject
Global
	GlobalSection(SolutionConfigurationPlatforms) = preSolution
		Debug|Any CPU = Debug|Any CPU
		Release|Any CPU = Release|Any CPU
	EndGlobalSection
	GlobalSection(ProjectConfigurationPlatforms) = postSolution
		{8B6ABEED-504D-45A7-B48E-12D6BD7ECAFB}.Debug|Any CPU.ActiveCfg = Debug|Any CPU
		{8B6ABEED-504D-45A7-B48E-12D6BD7ECAFB}.Debug|Any CPU.Build.0 = Debug|Any CPU
		{8B6ABEED-504D-45A7-B48E-12D6BD7ECAFB}.Release|Any CPU.ActiveCfg = Release|Any CPU
		{8B6ABEED-504D-45A7-B48E-12D6BD7ECAFB}.Release|Any CPU.Build.0 = Release|Any CPU
		{C64F4168-A73A-4FB7-AE0C-8414231C1730}.Debug|Any CPU.ActiveCfg = Debug|Any CPU
		{C64F4168-A73A-4FB7-AE0C-8414231C1730}.Debug|Any CPU.Build.0 = Debug|Any CPU
		{C64F4168-A73A-4FB7-AE0C-8414231C1730}.Release|Any CPU.ActiveCfg = Release|Any CPU
		{C64F4168-A73A-4FB7-AE0C-8414231C1730}.Release|Any CPU.Build.0 = Release|Any CPU
		{C082C68F-CF4F-4DFF-9047-33F1FD60F39D}.Debug|Any CPU.ActiveCfg = Debug|Any CPU
		{C082C68F-CF4F-4DFF-9047-33F1FD60F39D}.Debug|Any CPU.Build.0 = Debug|Any CPU
		{C082C68F-CF4F-4DFF-9047-33F1FD60F39D}.Release|Any CPU.ActiveCfg = Release|Any CPU
		{C082C68F-CF4F-4DFF-9047-33F1FD60F39D}.Release|Any CPU.Build.0 = Release|Any CPU
		{4AB4FDA9-245C-4F00-82C6-5F0260E3989A}.Debug|Any CPU.ActiveCfg = Debug|Any CPU
		{4AB4FDA9-245C-4F00-82C6-5F0260E3989A}.Debug|Any CPU.Build.0 = Debug|Any CPU
		{4AB4FDA9-245C-4F00-82C6-5F0260E3989A}.Release|Any CPU.ActiveCfg = Release|Any CPU
		{4AB4FDA9-245C-4F00-82C6-5F0260E3989A}.Release|Any CPU.Build.0 = Release|Any CPU
	EndGlobalSection
	GlobalSection(SolutionProperties) = preSolution
		HideSolutionNode = FALSE
	EndGlobalSection
	GlobalSection(ExtensibilityGlobals) = postSolution
		SolutionGuid = {FD5002FA-0F9C-4F3C-B856-AF053ED68ACD}
	EndGlobalSection
EndGlobal
